
Microsoft Visual Studio Solution File, Format Version 12.00
# Visual Studio Version 16
VisualStudioVersion = 16.0.31105.61
MinimumVisualStudioVersion = 10.0.40219.1
Project("{FAE04EC0-301F-11D3-BF4B-00C04F79EFBC}") = "AppPrueba.Android", "AppPrueba.Android\AppPrueba.Android.csproj", "{1D8C4436-5909-4E1B-A706-E26E5FA61E06}"
EndProject
Project("{FAE04EC0-301F-11D3-BF4B-00C04F79EFBC}") = "AppPrueba.iOS", "AppPrueba.iOS\AppPrueba.iOS.csproj", "{76CCD4CD-40DA-48AB-A799-AD6AB8CBC60C}"
EndProject
Project("{FAE04EC0-301F-11D3-BF4B-00C04F79EFBC}") = "AppPrueba", "AppPrueba\AppPrueba.csproj", "{48C54460-980B-4E61-A5D3-04BBFFEB8A50}"
EndProject
Global
	GlobalSection(SolutionConfigurationPlatforms) = preSolution
		Debug|Any CPU = Debug|Any CPU
		Debug|iPhone = Debug|iPhone
		Debug|iPhoneSimulator = Debug|iPhoneSimulator
		Release|Any CPU = Release|Any CPU
		Release|iPhone = Release|iPhone
		Release|iPhoneSimulator = Release|iPhoneSimulator
	EndGlobalSection
	GlobalSection(ProjectConfigurationPlatforms) = postSolution
		{1D8C4436-5909-4E1B-A706-E26E5FA61E06}.Debug|Any CPU.ActiveCfg = Debug|Any CPU
		{1D8C4436-5909-4E1B-A706-E26E5FA61E06}.Debug|Any CPU.Build.0 = Debug|Any CPU
		{1D8C4436-5909-4E1B-A706-E26E5FA61E06}.Debug|Any CPU.Deploy.0 = Debug|Any CPU
		{1D8C4436-5909-4E1B-A706-E26E5FA61E06}.Debug|iPhone.ActiveCfg = Debug|Any CPU
		{1D8C4436-5909-4E1B-A706-E26E5FA61E06}.Debug|iPhone.Build.0 = Debug|Any CPU
		{1D8C4436-5909-4E1B-A706-E26E5FA61E06}.Debug|iPhone.Deploy.0 = Debug|Any CPU
		{1D8C4436-5909-4E1B-A706-E26E5FA61E06}.Debug|iPhoneSimulator.ActiveCfg = Debug|Any CPU
		{1D8C4436-5909-4E1B-A706-E26E5FA61E06}.Debug|iPhoneSimulator.Build.0 = Debug|Any CPU
		{1D8C4436-5909-4E1B-A706-E26E5FA61E06}.Debug|iPhoneSimulator.Deploy.0 = Debug|Any CPU
		{1D8C4436-5909-4E1B-A706-E26E5FA61E06}.Release|Any CPU.ActiveCfg = Release|Any CPU
		{1D8C4436-5909-4E1B-A706-E26E5FA61E06}.Release|Any CPU.Build.0 = Release|Any CPU
		{1D8C4436-5909-4E1B-A706-E26E5FA61E06}.Release|Any CPU.Deploy.0 = Release|Any CPU
		{1D8C4436-5909-4E1B-A706-E26E5FA61E06}.Release|iPhone.ActiveCfg = Release|Any CPU
		{1D8C4436-5909-4E1B-A706-E26E5FA61E06}.Release|iPhone.Build.0 = Release|Any CPU
		{1D8C4436-5909-4E1B-A706-E26E5FA61E06}.Release|iPhone.Deploy.0 = Release|Any CPU
		{1D8C4436-5909-4E1B-A706-E26E5FA61E06}.Release|iPhoneSimulator.ActiveCfg = Release|Any CPU
		{1D8C4436-5909-4E1B-A706-E26E5FA61E06}.Release|iPhoneSimulator.Build.0 = Release|Any CPU
		{1D8C4436-5909-4E1B-A706-E26E5FA61E06}.Release|iPhoneSimulator.Deploy.0 = Release|Any CPU
		{76CCD4CD-40DA-48AB-A799-AD6AB8CBC60C}.Debug|Any CPU.ActiveCfg = Debug|iPhone
		{76CCD4CD-40DA-48AB-A799-AD6AB8CBC60C}.Debug|Any CPU.Build.0 = Debug|iPhone
		{76CCD4CD-40DA-48AB-A799-AD6AB8CBC60C}.Debug|Any CPU.Deploy.0 = Debug|iPhone
		{76CCD4CD-40DA-48AB-A799-AD6AB8CBC60C}.Debug|iPhone.ActiveCfg = Debug|iPhone
		{76CCD4CD-40DA-48AB-A799-AD6AB8CBC60C}.Debug|iPhone.Build.0 = Debug|iPhone
		{76CCD4CD-40DA-48AB-A799-AD6AB8CBC60C}.Debug|iPhone.Deploy.0 = Debug|iPhone
		{76CCD4CD-40DA-48AB-A799-AD6AB8CBC60C}.Debug|iPhoneSimulator.ActiveCfg = Debug|iPhoneSimulator
		{76CCD4CD-40DA-48AB-A799-AD6AB8CBC60C}.Debug|iPhoneSimulator.Build.0 = Debug|iPhoneSimulator
		{76CCD4CD-40DA-48AB-A799-AD6AB8CBC60C}.Debug|iPhoneSimulator.Deploy.0 = Debug|iPhoneSimulator
		{76CCD4CD-40DA-48AB-A799-AD6AB8CBC60C}.Release|Any CPU.ActiveCfg = Release|iPhoneSimulator
		{76CCD4CD-40DA-48AB-A799-AD6AB8CBC60C}.Release|Any CPU.Build.0 = Release|iPhoneSimulator
		{76CCD4CD-40DA-48AB-A799-AD6AB8CBC60C}.Release|Any CPU.Deploy.0 = Release|iPhoneSimulator
		{76CCD4CD-40DA-48AB-A799-AD6AB8CBC60C}.Release|iPhone.ActiveCfg = Release|iPhone
		{76CCD4CD-40DA-48AB-A799-AD6AB8CBC60C}.Release|iPhone.Build.0 = Release|iPhone
		{76CCD4CD-40DA-48AB-A799-AD6AB8CBC60C}.Release|iPhone.Deploy.0 = Release|iPhone
		{76CCD4CD-40DA-48AB-A799-AD6AB8CBC60C}.Release|iPhoneSimulator.ActiveCfg = Release|iPhoneSimulator
		{76CCD4CD-40DA-48AB-A799-AD6AB8CBC60C}.Release|iPhoneSimulator.Build.0 = Release|iPhoneSimulator
		{76CCD4CD-40DA-48AB-A799-AD6AB8CBC60C}.Release|iPhoneSimulator.Deploy.0 = Release|iPhoneSimulator
		{48C54460-980B-4E61-A5D3-04BBFFEB8A50}.Debug|Any CPU.ActiveCfg = Debug|Any CPU
		{48C54460-980B-4E61-A5D3-04BBFFEB8A50}.Debug|Any CPU.Build.0 = Debug|Any CPU
		{48C54460-980B-4E61-A5D3-04BBFFEB8A50}.Debug|Any CPU.Deploy.0 = Debug|Any CPU
		{48C54460-980B-4E61-A5D3-04BBFFEB8A50}.Debug|iPhone.ActiveCfg = Debug|Any CPU
		{48C54460-980B-4E61-A5D3-04BBFFEB8A50}.Debug|iPhone.Build.0 = Debug|Any CPU
		{48C54460-980B-4E61-A5D3-04BBFFEB8A50}.Debug|iPhone.Deploy.0 = Debug|Any CPU
		{48C54460-980B-4E61-A5D3-04BBFFEB8A50}.Debug|iPhoneSimulator.ActiveCfg = Debug|Any CPU
		{48C54460-980B-4E61-A5D3-04BBFFEB8A50}.Debug|iPhoneSimulator.Build.0 = Debug|Any CPU
		{48C54460-980B-4E61-A5D3-04BBFFEB8A50}.Debug|iPhoneSimulator.Deploy.0 = Debug|Any CPU
		{48C54460-980B-4E61-A5D3-04BBFFEB8A50}.Release|Any CPU.ActiveCfg = Release|Any CPU
		{48C54460-980B-4E61-A5D3-04BBFFEB8A50}.Release|Any CPU.Build.0 = Release|Any CPU
		{48C54460-980B-4E61-A5D3-04BBFFEB8A50}.Release|Any CPU.Deploy.0 = Release|Any CPU
		{48C54460-980B-4E61-A5D3-04BBFFEB8A50}.Release|iPhone.ActiveCfg = Release|Any CPU
		{48C54460-980B-4E61-A5D3-04BBFFEB8A50}.Release|iPhone.Build.0 = Release|Any CPU
		{48C54460-980B-4E61-A5D3-04BBFFEB8A50}.Release|iPhone.Deploy.0 = Release|Any CPU
		{48C54460-980B-4E61-A5D3-04BBFFEB8A50}.Release|iPhoneSimulator.ActiveCfg = Release|Any CPU
		{48C54460-980B-4E61-A5D3-04BBFFEB8A50}.Release|iPhoneSimulator.Build.0 = Release|Any CPU
		{48C54460-980B-4E61-A5D3-04BBFFEB8A50}.Release|iPhoneSimulator.Deploy.0 = Release|Any CPU
	EndGlobalSection
	GlobalSection(SolutionProperties) = preSolution
		HideSolutionNode = FALSE
	EndGlobalSection
	GlobalSection(ExtensibilityGlobals) = postSolution
		SolutionGuid = {F033C0D1-DE3F-4AA3-98FC-160D34BAF0F7}
	EndGlobalSection
EndGlobal
